
Microsoft Visual Studio Solution File, Format Version 12.00
# Visual Studio Version 17
VisualStudioVersion = 17.3.32901.215
MinimumVisualStudioVersion = 10.0.40219.1
Project("{FAE04EC0-301F-11D3-BF4B-00C04F79EFBC}") = "EtoZheTelegramBot", "EtoZheTelegramBot\EtoZheTelegramBot.csproj", "{3D92D096-80A2-4984-A24B-635F3862C322}"
EndProject
Global
	GlobalSection(SolutionConfigurationPlatforms) = preSolution
		Debug|Any CPU = Debug|Any CPU
		Release|Any CPU = Release|Any CPU
	EndGlobalSection
	GlobalSection(ProjectConfigurationPlatforms) = postSolution
		{3D92D096-80A2-4984-A24B-635F3862C322}.Debug|Any CPU.ActiveCfg = Debug|Any CPU
		{3D92D096-80A2-4984-A24B-635F3862C322}.Debug|Any CPU.Build.0 = Debug|Any CPU
		{3D92D096-80A2-4984-A24B-635F3862C322}.Release|Any CPU.ActiveCfg = Release|Any CPU
		{3D92D096-80A2-4984-A24B-635F3862C322}.Release|Any CPU.Build.0 = Release|Any CPU
	EndGlobalSection
	GlobalSection(SolutionProperties) = preSolution
		HideSolutionNode = FALSE
	EndGlobalSection
	GlobalSection(ExtensibilityGlobals) = postSolution
		SolutionGuid = {913D637F-57AE-4713-89D2-485AF82D051D}
	EndGlobalSection
EndGlobal
